
Microsoft Visual Studio Solution File, Format Version 12.00
# Visual Studio Version 16
VisualStudioVersion = 16.0.30413.136
MinimumVisualStudioVersion = 10.0.40219.1
Project("{FAE04EC0-301F-11D3-BF4B-00C04F79EFBC}") = "simple-blog", "simple-blog\simple-blog.csproj", "{256F21CA-BC84-463B-B61F-C99C6F44F003}"
EndProject
Project("{FAE04EC0-301F-11D3-BF4B-00C04F79EFBC}") = "simple-blog-test", "simple-blog-test\simple-blog-test.csproj", "{F10CC2C9-2CEB-48BC-B36E-9CFEA851BDFA}"
EndProject
Global
	GlobalSection(SolutionConfigurationPlatforms) = preSolution
		Debug|Any CPU = Debug|Any CPU
		Release|Any CPU = Release|Any CPU
	EndGlobalSection
	GlobalSection(ProjectConfigurationPlatforms) = postSolution
		{256F21CA-BC84-463B-B61F-C99C6F44F003}.Debug|Any CPU.ActiveCfg = Debug|Any CPU
		{256F21CA-BC84-463B-B61F-C99C6F44F003}.Debug|Any CPU.Build.0 = Debug|Any CPU
		{256F21CA-BC84-463B-B61F-C99C6F44F003}.Release|Any CPU.ActiveCfg = Release|Any CPU
		{256F21CA-BC84-463B-B61F-C99C6F44F003}.Release|Any CPU.Build.0 = Release|Any CPU
		{F10CC2C9-2CEB-48BC-B36E-9CFEA851BDFA}.Debug|Any CPU.ActiveCfg = Debug|Any CPU
		{F10CC2C9-2CEB-48BC-B36E-9CFEA851BDFA}.Debug|Any CPU.Build.0 = Debug|Any CPU
		{F10CC2C9-2CEB-48BC-B36E-9CFEA851BDFA}.Release|Any CPU.ActiveCfg = Release|Any CPU
		{F10CC2C9-2CEB-48BC-B36E-9CFEA851BDFA}.Release|Any CPU.Build.0 = Release|Any CPU
	EndGlobalSection
	GlobalSection(SolutionProperties) = preSolution
		HideSolutionNode = FALSE
	EndGlobalSection
	GlobalSection(ExtensibilityGlobals) = postSolution
		SolutionGuid = {47D7CC0A-267F-401C-B699-58BCE588A528}
	EndGlobalSection
EndGlobal
